# This file is automatically @generated by Cargo.
# It is not intended for manual editing.
version = 4

[[package]]
name = "aspirina-core"
version = "0.1.1"

[[package]]
name = "aspirina-gates"
version = "0.1.1"
dependencies = [
 "aspirina-core",
]

[[package]]
name = "aspirina-language"
version = "0.1.1"
dependencies = [
 "aspirina-core",
]
